
Microsoft Visual Studio Solution File, Format Version 12.00
# Visual Studio Version 17
VisualStudioVersion = 17.1.32210.238
MinimumVisualStudioVersion = 10.0.40219.1
Project("{FAE04EC0-301F-11D3-BF4B-00C04F79EFBC}") = "API", "API.csproj", "{130827D9-EFBD-4D21-B0EC-673089DB445A}"
EndProject
Global
	GlobalSection(SolutionConfigurationPlatforms) = preSolution
		Debug|Any CPU = Debug|Any CPU
		Release|Any CPU = Release|Any CPU
	EndGlobalSection
	GlobalSection(ProjectConfigurationPlatforms) = postSolution
		{130827D9-EFBD-4D21-B0EC-673089DB445A}.Debug|Any CPU.ActiveCfg = Debug|Any CPU
		{130827D9-EFBD-4D21-B0EC-673089DB445A}.Debug|Any CPU.Build.0 = Debug|Any CPU
		{130827D9-EFBD-4D21-B0EC-673089DB445A}.Release|Any CPU.ActiveCfg = Release|Any CPU
		{130827D9-EFBD-4D21-B0EC-673089DB445A}.Release|Any CPU.Build.0 = Release|Any CPU
	EndGlobalSection
	GlobalSection(SolutionProperties) = preSolution
		HideSolutionNode = FALSE
	EndGlobalSection
	GlobalSection(ExtensibilityGlobals) = postSolution
		SolutionGuid = {E5599BF0-174F-4A21-9C86-711C60D39FD6}
	EndGlobalSection
EndGlobal
